<?xml version="1.0" encoding="utf-8"?>
<Project ToolsVersion="4.0" xmlns="http://schemas.microsoft.com/developer/msbuild/2003">
  <ItemGroup>
    <Filter Include="源文件">
      <UniqueIdentifier>{4FC737F1-C7A5-4376-A066-2A32D752A2FF}</UniqueIdentifier>
      <Extensions>cpp;c;cc;cxx;def;odl;idl;hpj;bat;asm;asmx</Extensions>
    </Filter>
    <Filter Include="头文件">
      <UniqueIdentifier>{93995380-89BD-4b04-88EB-625FBE52EBFB}</UniqueIdentifier>
      <Extensions>h;hh;hpp;hxx;hm;inl;inc;xsd</Extensions>
    </Filter>
    <Filter Include="资源文件">
      <UniqueIdentifier>{67DA6AB6-F800-4c08-8B7A-83BB121AAD01}</UniqueIdentifier>
      <Extensions>rc;ico;cur;bmp;dlg;rc2;rct;bin;rgs;gif;jpg;jpeg;jpe;resx;tiff;tif;png;wav;mfcribbon-ms</Extensions>
    </Filter>
  </ItemGroup>
  <ItemGroup>
    <ClInclude Include="include\cpp\util\Base64.h">
      <Filter>头文件</Filter>
    </ClInclude>
    <ClInclude Include="include\cpp\util\List.h">
      <Filter>头文件</Filter>
    </ClInclude>
    <ClInclude Include="include\cpp\lang\Thread.h">
      <Filter>头文件</Filter>
    </ClInclude>
    <ClInclude Include="include\cpp\util\ArrayList.h">
      <Filter>头文件</Filter>
    </ClInclude>
    <ClInclude Include="include\cpp\util\Queue.h">
      <Filter>头文件</Filter>
    </ClInclude>
    <ClInclude Include="include\cpp\util\BlockingQueue.h">
      <Filter>头文件</Filter>
    </ClInclude>
    <ClInclude Include="include\cpp\util\Timer.h">
      <Filter>头文件</Filter>
    </ClInclude>
    <ClInclude Include="include\cpp\util\Mutex.h">
      <Filter>头文件</Filter>
    </ClInclude>
    <ClInclude Include="include\cpp\util\LockGuard.h">
      <Filter>头文件</Filter>
    </ClInclude>
    <ClInclude Include="include\cpp\net\HttpUrl.h">
      <Filter>头文件</Filter>
    </ClInclude>
    <ClInclude Include="include\cpp\net\HttpRequest.h">
      <Filter>头文件</Filter>
    </ClInclude>
    <ClInclude Include="include\cpp\net\Socket.h">
      <Filter>头文件</Filter>
    </ClInclude>
    <ClInclude Include="include\cpp\net\SocketFactory.h">
      <Filter>头文件</Filter>
    </ClInclude>
    <ClInclude Include="include\cpp\net\HttpHeader.h">
      <Filter>头文件</Filter>
    </ClInclude>
    <ClInclude Include="include\cpp\net\HttpRequestBody.h">
      <Filter>头文件</Filter>
    </ClInclude>
    <ClInclude Include="include\cpp\lang\String.h">
      <Filter>头文件</Filter>
    </ClInclude>
    <ClInclude Include="include\cpp\lang\GB2312CharsetDecoder.h">
      <Filter>头文件</Filter>
    </ClInclude>
    <ClInclude Include="include\cpp\lang\CharsetDecoder.h">
      <Filter>头文件</Filter>
    </ClInclude>
    <ClInclude Include="include\cpp\lang\UTF8CharsetEncoder.h">
      <Filter>头文件</Filter>
    </ClInclude>
    <ClInclude Include="include\cpp\net\HttpClient.h">
      <Filter>头文件</Filter>
    </ClInclude>
    <ClInclude Include="include\cpp\net\DNS.h">
      <Filter>头文件</Filter>
    </ClInclude>
    <ClInclude Include="include\cpp\net\HttpResponse.h">
      <Filter>头文件</Filter>
    </ClInclude>
    <ClInclude Include="include\cpp\net\HttpResponseBody.h">
      <Filter>头文件</Filter>
    </ClInclude>
    <ClInclude Include="include\cpp\net\HttpCallback.h">
      <Filter>头文件</Filter>
    </ClInclude>
    <ClInclude Include="include\cpp\net\HttpConnection.h">
      <Filter>头文件</Filter>
    </ClInclude>
    <ClInclude Include="include\cpp\net\SSLSocket.h">
      <Filter>头文件</Filter>
    </ClInclude>
    <ClInclude Include="include\cpp\net\HttpConnectionPool.h">
      <Filter>头文件</Filter>
    </ClInclude>
    <ClInclude Include="include\cpp\net\HttpRouteDatabase.h">
      <Filter>头文件</Filter>
    </ClInclude>
    <ClInclude Include="include\cpp\net\HttpStatus.h">
      <Filter>头文件</Filter>
    </ClInclude>
    <ClInclude Include="include\cpp\net\HttpTlsVersion.h">
      <Filter>头文件</Filter>
    </ClInclude>
  </ItemGroup>
  <ItemGroup>
    <ClCompile Include="include\cpp\util\Base64.cpp">
      <Filter>源文件</Filter>
    </ClCompile>
    <ClCompile Include="main.cpp">
      <Filter>源文件</Filter>
    </ClCompile>
    <ClCompile Include="include\cpp\util\LinkedList.h">
      <Filter>头文件</Filter>
    </ClCompile>
    <ClCompile Include="include\cpp\net\HttpUrl.cpp">
      <Filter>源文件</Filter>
    </ClCompile>
    <ClCompile Include="include\cpp\net\Socket.cpp">
      <Filter>源文件</Filter>
    </ClCompile>
    <ClCompile Include="include\cpp\lang\String.cpp">
      <Filter>源文件</Filter>
    </ClCompile>
    <ClCompile Include="include\cpp\lang\GB2312CharsetDecoder.cpp">
      <Filter>源文件</Filter>
    </ClCompile>
    <ClCompile Include="include\cpp\lang\UTF8CharsetEncoder.cpp">
      <Filter>源文件</Filter>
    </ClCompile>
    <ClCompile Include="include\cpp\net\HttpClient.cpp">
      <Filter>源文件</Filter>
    </ClCompile>
    <ClCompile Include="include\cpp\net\SSLSocket.cpp">
      <Filter>源文件</Filter>
    </ClCompile>
    <ClCompile Include="include\cpp\net\HttpConnection.cpp">
      <Filter>源文件</Filter>
    </ClCompile>
    <ClCompile Include="include\cpp\net\HttpConnectionPool.cpp">
      <Filter>源文件</Filter>
    </ClCompile>
    <ClCompile Include="include\cpp\net\HttpTlsVersion.cpp">
      <Filter>源文件</Filter>
    </ClCompile>
  </ItemGroup>
  <ItemGroup>
    <None Include="ClassDiagram.cd" />
  </ItemGroup>
</Project>